// !$*UTF8*$!
{
	archiveVersion = 1;
	classes = {
	};
	objectVersion = 50;
	objects = {

/* Begin PBXBuildFile section */
		7A214BFA260E20B700DDA19B /* WidgetKit.framework in Frameworks */ = {isa = PBXBuildFile; fileRef = 7A214BF9260E20B700DDA19B /* WidgetKit.framework */; };
		7A214BFC260E20B700DDA19B /* SwiftUI.framework in Frameworks */ = {isa = PBXBuildFile; fileRef = 7A214BFB260E20B700DDA19B /* SwiftUI.framework */; };
		7A214BFF260E20B700DDA19B /* GMAPP_Release_Widget.swift in Sources */ = {isa = PBXBuildFile; fileRef = 7A214BFE260E20B700DDA19B /* GMAPP_Release_Widget.swift */; };
		7A214C04260E20B800DDA19B /* GMAPP_Release_Widget.intentdefinition in Sources */ = {isa = PBXBuildFile; fileRef = 7A214C00260E20B700DDA19B /* GMAPP_Release_Widget.intentdefinition */; };
		7A214C05260E20B800DDA19B /* GMAPP_Release_Widget.intentdefinition in Sources */ = {isa = PBXBuildFile; fileRef = 7A214C00260E20B700DDA19B /* GMAPP_Release_Widget.intentdefinition */; };
		7A214C08260E20B800DDA19B /* GMAPP-Release-WidgetExtension.appex in Embed App Extensions */ = {isa = PBXBuildFile; fileRef = 7A214BF8260E20B700DDA19B /* GMAPP-Release-WidgetExtension.appex */; settings = {ATTRIBUTES = (RemoveHeadersOnCopy, ); }; };
		7A214C1E2614DCB000DDA19B /* ScoreBlob.swift in Sources */ = {isa = PBXBuildFile; fileRef = 7A214C1D2614DCB000DDA19B /* ScoreBlob.swift */; };
		7A214C31261625FB00DDA19B /* Genre.swift in Sources */ = {isa = PBXBuildFile; fileRef = 7A214C30261625FB00DDA19B /* Genre.swift */; };
		7A214C36261627ED00DDA19B /* Platform.swift in Sources */ = {isa = PBXBuildFile; fileRef = 7A214C35261627ED00DDA19B /* Platform.swift */; };
		7A214C3B2616288400DDA19B /* FilteringGamesView.swift in Sources */ = {isa = PBXBuildFile; fileRef = 7A214C3A2616288400DDA19B /* FilteringGamesView.swift */; };
		7A214C4826162BC000DDA19B /* Games.swift in Sources */ = {isa = PBXBuildFile; fileRef = 7A214C4726162BC000DDA19B /* Games.swift */; };
		7A214C552616386000DDA19B /* Genres.swift in Sources */ = {isa = PBXBuildFile; fileRef = 7A214C542616386000DDA19B /* Genres.swift */; };
		7A6C69D4261C7EAD0072A9E4 /* GameRowLifting.swift in Sources */ = {isa = PBXBuildFile; fileRef = 7A6C69D3261C7EAD0072A9E4 /* GameRowLifting.swift */; };
		7A6C69D9261C80C00072A9E4 /* GenreBlob.swift in Sources */ = {isa = PBXBuildFile; fileRef = 7A6C69D8261C80C00072A9E4 /* GenreBlob.swift */; };
		7A8FC9B22603BFB10051F56E /* GMAPPApp.swift in Sources */ = {isa = PBXBuildFile; fileRef = 7A8FC9B12603BFB10051F56E /* GMAPPApp.swift */; };
		7A8FC9B42603BFB10051F56E /* GamesView.swift in Sources */ = {isa = PBXBuildFile; fileRef = 7A8FC9B32603BFB10051F56E /* GamesView.swift */; };
		7A8FC9B62603BFB20051F56E /* Assets.xcassets in Resources */ = {isa = PBXBuildFile; fileRef = 7A8FC9B52603BFB20051F56E /* Assets.xcassets */; };
		7A8FC9B92603BFB20051F56E /* Preview Assets.xcassets in Resources */ = {isa = PBXBuildFile; fileRef = 7A8FC9B82603BFB20051F56E /* Preview Assets.xcassets */; };
		7A8FC9C72603BFF00051F56E /* Constants.swift in Sources */ = {isa = PBXBuildFile; fileRef = 7A8FC9C62603BFF00051F56E /* Constants.swift */; };
		7A8FC9CE2603C0320051F56E /* GameService.swift in Sources */ = {isa = PBXBuildFile; fileRef = 7A8FC9CD2603C0320051F56E /* GameService.swift */; };
		7A8FC9D12603C04C0051F56E /* Game.swift in Sources */ = {isa = PBXBuildFile; fileRef = 7A8FC9D02603C04C0051F56E /* Game.swift */; };
		7A8FC9DD2603C5B70051F56E /* GMAPP_Unit_Tests.swift in Sources */ = {isa = PBXBuildFile; fileRef = 7A8FC9DC2603C5B70051F56E /* GMAPP_Unit_Tests.swift */; };
		7A8FC9E72603C6090051F56E /* UtilitiesTests.swift in Sources */ = {isa = PBXBuildFile; fileRef = 7A8FC9E62603C6090051F56E /* UtilitiesTests.swift */; };
		7A8FC9EF2603C6C40051F56E /* Helpers.swift in Sources */ = {isa = PBXBuildFile; fileRef = 7A8FC9CA2603BFFB0051F56E /* Helpers.swift */; };
		7A8FC9FB2603CC980051F56E /* GameDetailsView.swift in Sources */ = {isa = PBXBuildFile; fileRef = 7A8FC9FA2603CC980051F56E /* GameDetailsView.swift */; };
		7A8FCA072605FA0A0051F56E /* NetworkError.swift in Sources */ = {isa = PBXBuildFile; fileRef = 7A8FCA062605FA0A0051F56E /* NetworkError.swift */; };
		7A8FCA18260655900051F56E /* Logger.swift in Sources */ = {isa = PBXBuildFile; fileRef = 7A8FCA17260655900051F56E /* Logger.swift */; };
		7AA12181260865F400CE55DC /* FavouriteGames.swift in Sources */ = {isa = PBXBuildFile; fileRef = 7AA12180260865F400CE55DC /* FavouriteGames.swift */; };
		7AA121852608682600CE55DC /* FavouriteGamesView.swift in Sources */ = {isa = PBXBuildFile; fileRef = 7AA121842608682600CE55DC /* FavouriteGamesView.swift */; };
		7AA121892608686800CE55DC /* MainView.swift in Sources */ = {isa = PBXBuildFile; fileRef = 7AA121882608686800CE55DC /* MainView.swift */; };
		E08FBB10260FA512000DA844 /* ReleaseWidgetTimelineProvider.swift in Sources */ = {isa = PBXBuildFile; fileRef = E08FBB0F260FA512000DA844 /* ReleaseWidgetTimelineProvider.swift */; };
		E08FBB22260FA597000DA844 /* ReleaseWidgetEntry.swift in Sources */ = {isa = PBXBuildFile; fileRef = E08FBB21260FA597000DA844 /* ReleaseWidgetEntry.swift */; };
		E08FBB2B260FA62B000DA844 /* ReleaseWidgetEntryView.swift in Sources */ = {isa = PBXBuildFile; fileRef = E08FBB2A260FA62B000DA844 /* ReleaseWidgetEntryView.swift */; };
		E08FBB35260FA7BB000DA844 /* Game.swift in Sources */ = {isa = PBXBuildFile; fileRef = 7A8FC9D02603C04C0051F56E /* Game.swift */; };
		E08FBB39260FA932000DA844 /* FavouriteGames.swift in Sources */ = {isa = PBXBuildFile; fileRef = 7AA12180260865F400CE55DC /* FavouriteGames.swift */; };
		E08FBB3D260FA943000DA844 /* Logger.swift in Sources */ = {isa = PBXBuildFile; fileRef = 7A8FCA17260655900051F56E /* Logger.swift */; };
		E08FBB41260FA9AE000DA844 /* Helpers.swift in Sources */ = {isa = PBXBuildFile; fileRef = 7A8FC9CA2603BFFB0051F56E /* Helpers.swift */; };
		E08FBB46260FAE15000DA844 /* GameReleaseView.swift in Sources */ = {isa = PBXBuildFile; fileRef = E08FBB45260FAE15000DA844 /* GameReleaseView.swift */; };
		E08FBB4B260FB103000DA844 /* GameReleaseNoFav.swift in Sources */ = {isa = PBXBuildFile; fileRef = E08FBB4A260FB103000DA844 /* GameReleaseNoFav.swift */; };
		E08FBB59260FB5C6000DA844 /* Assets.xcassets in Resources */ = {isa = PBXBuildFile; fileRef = 7A8FC9B52603BFB20051F56E /* Assets.xcassets */; };
		E09E2235261062C600783F7F /* AppDelegate.swift in Sources */ = {isa = PBXBuildFile; fileRef = E09E2234261062C600783F7F /* AppDelegate.swift */; };
/* End PBXBuildFile section */

/* Begin PBXContainerItemProxy section */
		7A214C06260E20B800DDA19B /* PBXContainerItemProxy */ = {
			isa = PBXContainerItemProxy;
			containerPortal = 7A8FC9A62603BFB10051F56E /* Project object */;
			proxyType = 1;
			remoteGlobalIDString = 7A214BF7260E20B700DDA19B;
			remoteInfo = "GMAPP-Release-WidgetExtension";
		};
		7A8FC9DF2603C5B70051F56E /* PBXContainerItemProxy */ = {
			isa = PBXContainerItemProxy;
			containerPortal = 7A8FC9A62603BFB10051F56E /* Project object */;
			proxyType = 1;
			remoteGlobalIDString = 7A8FC9AD2603BFB10051F56E;
			remoteInfo = GMAPP;
		};
/* End PBXContainerItemProxy section */

/* Begin PBXCopyFilesBuildPhase section */
		7A214C0C260E20B800DDA19B /* Embed App Extensions */ = {
			isa = PBXCopyFilesBuildPhase;
			buildActionMask = 2147483647;
			dstPath = "";
			dstSubfolderSpec = 13;
			files = (
				7A214C08260E20B800DDA19B /* GMAPP-Release-WidgetExtension.appex in Embed App Extensions */,
			);
			name = "Embed App Extensions";
			runOnlyForDeploymentPostprocessing = 0;
		};
/* End PBXCopyFilesBuildPhase section */

/* Begin PBXFileReference section */
		0D083CD6E5A20D099C25DC8E /* Pods-GMAPP-Unit-Tests.release.xcconfig */ = {isa = PBXFileReference; includeInIndex = 1; lastKnownFileType = text.xcconfig; name = "Pods-GMAPP-Unit-Tests.release.xcconfig"; path = "Target Support Files/Pods-GMAPP-Unit-Tests/Pods-GMAPP-Unit-Tests.release.xcconfig"; sourceTree = "<group>"; };
		350C1202B3FEF8016D1D3825 /* Pods-GMAPP.debug.xcconfig */ = {isa = PBXFileReference; includeInIndex = 1; lastKnownFileType = text.xcconfig; name = "Pods-GMAPP.debug.xcconfig"; path = "Target Support Files/Pods-GMAPP/Pods-GMAPP.debug.xcconfig"; sourceTree = "<group>"; };
		7A214BF8260E20B700DDA19B /* GMAPP-Release-WidgetExtension.appex */ = {isa = PBXFileReference; explicitFileType = "wrapper.app-extension"; includeInIndex = 0; path = "GMAPP-Release-WidgetExtension.appex"; sourceTree = BUILT_PRODUCTS_DIR; };
		7A214BF9260E20B700DDA19B /* WidgetKit.framework */ = {isa = PBXFileReference; lastKnownFileType = wrapper.framework; name = WidgetKit.framework; path = System/Library/Frameworks/WidgetKit.framework; sourceTree = SDKROOT; };
		7A214BFB260E20B700DDA19B /* SwiftUI.framework */ = {isa = PBXFileReference; lastKnownFileType = wrapper.framework; name = SwiftUI.framework; path = System/Library/Frameworks/SwiftUI.framework; sourceTree = SDKROOT; };
		7A214BFE260E20B700DDA19B /* GMAPP_Release_Widget.swift */ = {isa = PBXFileReference; lastKnownFileType = sourcecode.swift; path = GMAPP_Release_Widget.swift; sourceTree = "<group>"; };
		7A214C00260E20B700DDA19B /* GMAPP_Release_Widget.intentdefinition */ = {isa = PBXFileReference; lastKnownFileType = file.intentdefinition; path = GMAPP_Release_Widget.intentdefinition; sourceTree = "<group>"; };
		7A214C03260E20B800DDA19B /* Info.plist */ = {isa = PBXFileReference; lastKnownFileType = text.plist.xml; path = Info.plist; sourceTree = "<group>"; };
		7A214C1D2614DCB000DDA19B /* ScoreBlob.swift */ = {isa = PBXFileReference; lastKnownFileType = sourcecode.swift; path = ScoreBlob.swift; sourceTree = "<group>"; };
		7A214C30261625FB00DDA19B /* Genre.swift */ = {isa = PBXFileReference; lastKnownFileType = sourcecode.swift; path = Genre.swift; sourceTree = "<group>"; };
		7A214C35261627ED00DDA19B /* Platform.swift */ = {isa = PBXFileReference; lastKnownFileType = sourcecode.swift; path = Platform.swift; sourceTree = "<group>"; };
		7A214C3A2616288400DDA19B /* FilteringGamesView.swift */ = {isa = PBXFileReference; lastKnownFileType = sourcecode.swift; path = FilteringGamesView.swift; sourceTree = "<group>"; };
		7A214C4726162BC000DDA19B /* Games.swift */ = {isa = PBXFileReference; lastKnownFileType = sourcecode.swift; path = Games.swift; sourceTree = "<group>"; };
		7A214C542616386000DDA19B /* Genres.swift */ = {isa = PBXFileReference; lastKnownFileType = sourcecode.swift; path = Genres.swift; sourceTree = "<group>"; };
		7A6C69D3261C7EAD0072A9E4 /* GameRowLifting.swift */ = {isa = PBXFileReference; lastKnownFileType = sourcecode.swift; path = GameRowLifting.swift; sourceTree = "<group>"; };
		7A6C69D8261C80C00072A9E4 /* GenreBlob.swift */ = {isa = PBXFileReference; lastKnownFileType = sourcecode.swift; path = GenreBlob.swift; sourceTree = "<group>"; };
		7A8FC9AE2603BFB10051F56E /* GMAPP.app */ = {isa = PBXFileReference; explicitFileType = wrapper.application; includeInIndex = 0; path = GMAPP.app; sourceTree = BUILT_PRODUCTS_DIR; };
		7A8FC9B12603BFB10051F56E /* GMAPPApp.swift */ = {isa = PBXFileReference; lastKnownFileType = sourcecode.swift; path = GMAPPApp.swift; sourceTree = "<group>"; };
		7A8FC9B32603BFB10051F56E /* GamesView.swift */ = {isa = PBXFileReference; lastKnownFileType = sourcecode.swift; path = GamesView.swift; sourceTree = "<group>"; };
		7A8FC9B52603BFB20051F56E /* Assets.xcassets */ = {isa = PBXFileReference; lastKnownFileType = folder.assetcatalog; path = Assets.xcassets; sourceTree = "<group>"; };
		7A8FC9B82603BFB20051F56E /* Preview Assets.xcassets */ = {isa = PBXFileReference; lastKnownFileType = folder.assetcatalog; path = "Preview Assets.xcassets"; sourceTree = "<group>"; };
		7A8FC9BA2603BFB20051F56E /* Info.plist */ = {isa = PBXFileReference; lastKnownFileType = text.plist.xml; path = Info.plist; sourceTree = "<group>"; };
		7A8FC9C62603BFF00051F56E /* Constants.swift */ = {isa = PBXFileReference; lastKnownFileType = sourcecode.swift; path = Constants.swift; sourceTree = "<group>"; };
		7A8FC9CA2603BFFB0051F56E /* Helpers.swift */ = {isa = PBXFileReference; lastKnownFileType = sourcecode.swift; path = Helpers.swift; sourceTree = "<group>"; };
		7A8FC9CD2603C0320051F56E /* GameService.swift */ = {isa = PBXFileReference; lastKnownFileType = sourcecode.swift; path = GameService.swift; sourceTree = "<group>"; };
		7A8FC9D02603C04C0051F56E /* Game.swift */ = {isa = PBXFileReference; lastKnownFileType = sourcecode.swift; path = Game.swift; sourceTree = "<group>"; };
		7A8FC9DA2603C5B60051F56E /* GMAPP-Unit-Tests.xctest */ = {isa = PBXFileReference; explicitFileType = wrapper.cfbundle; includeInIndex = 0; path = "GMAPP-Unit-Tests.xctest"; sourceTree = BUILT_PRODUCTS_DIR; };
		7A8FC9DC2603C5B70051F56E /* GMAPP_Unit_Tests.swift */ = {isa = PBXFileReference; lastKnownFileType = sourcecode.swift; path = GMAPP_Unit_Tests.swift; sourceTree = "<group>"; };
		7A8FC9DE2603C5B70051F56E /* Info.plist */ = {isa = PBXFileReference; lastKnownFileType = text.plist.xml; path = Info.plist; sourceTree = "<group>"; };
		7A8FC9E62603C6090051F56E /* UtilitiesTests.swift */ = {isa = PBXFileReference; lastKnownFileType = sourcecode.swift; path = UtilitiesTests.swift; sourceTree = "<group>"; };
		7A8FC9FA2603CC980051F56E /* GameDetailsView.swift */ = {isa = PBXFileReference; lastKnownFileType = sourcecode.swift; path = GameDetailsView.swift; sourceTree = "<group>"; };
		7A8FCA062605FA0A0051F56E /* NetworkError.swift */ = {isa = PBXFileReference; lastKnownFileType = sourcecode.swift; path = NetworkError.swift; sourceTree = "<group>"; };
		7A8FCA17260655900051F56E /* Logger.swift */ = {isa = PBXFileReference; lastKnownFileType = sourcecode.swift; path = Logger.swift; sourceTree = "<group>"; };
		7AA12180260865F400CE55DC /* FavouriteGames.swift */ = {isa = PBXFileReference; lastKnownFileType = sourcecode.swift; path = FavouriteGames.swift; sourceTree = "<group>"; };
		7AA121842608682600CE55DC /* FavouriteGamesView.swift */ = {isa = PBXFileReference; lastKnownFileType = sourcecode.swift; path = FavouriteGamesView.swift; sourceTree = "<group>"; };
		7AA121882608686800CE55DC /* MainView.swift */ = {isa = PBXFileReference; lastKnownFileType = sourcecode.swift; path = MainView.swift; sourceTree = "<group>"; };
		E08FBB01260FA2F9000DA844 /* GMAPP.entitlements */ = {isa = PBXFileReference; lastKnownFileType = text.plist.entitlements; path = GMAPP.entitlements; sourceTree = "<group>"; };
		E08FBB02260FA313000DA844 /* GMAPP-Release-WidgetExtension.entitlements */ = {isa = PBXFileReference; lastKnownFileType = text.plist.entitlements; path = "GMAPP-Release-WidgetExtension.entitlements"; sourceTree = "<group>"; };
		E08FBB0F260FA512000DA844 /* ReleaseWidgetTimelineProvider.swift */ = {isa = PBXFileReference; lastKnownFileType = sourcecode.swift; path = ReleaseWidgetTimelineProvider.swift; sourceTree = "<group>"; };
		E08FBB21260FA597000DA844 /* ReleaseWidgetEntry.swift */ = {isa = PBXFileReference; lastKnownFileType = sourcecode.swift; path = ReleaseWidgetEntry.swift; sourceTree = "<group>"; };
		E08FBB2A260FA62B000DA844 /* ReleaseWidgetEntryView.swift */ = {isa = PBXFileReference; lastKnownFileType = sourcecode.swift; path = ReleaseWidgetEntryView.swift; sourceTree = "<group>"; };
		E08FBB45260FAE15000DA844 /* GameReleaseView.swift */ = {isa = PBXFileReference; lastKnownFileType = sourcecode.swift; path = GameReleaseView.swift; sourceTree = "<group>"; };
		E08FBB4A260FB103000DA844 /* GameReleaseNoFav.swift */ = {isa = PBXFileReference; lastKnownFileType = sourcecode.swift; path = GameReleaseNoFav.swift; sourceTree = "<group>"; };
		E09E2234261062C600783F7F /* AppDelegate.swift */ = {isa = PBXFileReference; lastKnownFileType = sourcecode.swift; path = AppDelegate.swift; sourceTree = "<group>"; };
		FA93DEFED600E933FA3A0E3B /* Pods-GMAPP.release.xcconfig */ = {isa = PBXFileReference; includeInIndex = 1; lastKnownFileType = text.xcconfig; name = "Pods-GMAPP.release.xcconfig"; path = "Target Support Files/Pods-GMAPP/Pods-GMAPP.release.xcconfig"; sourceTree = "<group>"; };
		FFEAEB38B0B85DC00E758D99 /* Pods-GMAPP-Unit-Tests.debug.xcconfig */ = {isa = PBXFileReference; includeInIndex = 1; lastKnownFileType = text.xcconfig; name = "Pods-GMAPP-Unit-Tests.debug.xcconfig"; path = "Target Support Files/Pods-GMAPP-Unit-Tests/Pods-GMAPP-Unit-Tests.debug.xcconfig"; sourceTree = "<group>"; };
/* End PBXFileReference section */

/* Begin PBXFrameworksBuildPhase section */
		7A214BF5260E20B700DDA19B /* Frameworks */ = {
			isa = PBXFrameworksBuildPhase;
			buildActionMask = 2147483647;
			files = (
				7A214BFC260E20B700DDA19B /* SwiftUI.framework in Frameworks */,
				7A214BFA260E20B700DDA19B /* WidgetKit.framework in Frameworks */,
			);
			runOnlyForDeploymentPostprocessing = 0;
		};
		7A8FC9AB2603BFB10051F56E /* Frameworks */ = {
			isa = PBXFrameworksBuildPhase;
			buildActionMask = 2147483647;
			files = (
			);
			runOnlyForDeploymentPostprocessing = 0;
		};
		7A8FC9D72603C5B60051F56E /* Frameworks */ = {
			isa = PBXFrameworksBuildPhase;
			buildActionMask = 2147483647;
			files = (
			);
			runOnlyForDeploymentPostprocessing = 0;
		};
/* End PBXFrameworksBuildPhase section */

/* Begin PBXGroup section */
		7A214BD32608701900DDA19B /* UtilViews */ = {
			isa = PBXGroup;
			children = (
				7A214C1D2614DCB000DDA19B /* ScoreBlob.swift */,
				7A6C69D3261C7EAD0072A9E4 /* GameRowLifting.swift */,
				7A6C69D8261C80C00072A9E4 /* GenreBlob.swift */,
			);
			path = UtilViews;
			sourceTree = "<group>";
		};
		7A214BFD260E20B700DDA19B /* GMAPP-Release-Widget */ = {
			isa = PBXGroup;
			children = (
				E08FBB29260FA5F9000DA844 /* Views */,
				E08FBB20260FA588000DA844 /* Models */,
				E08FBB0E260FA509000DA844 /* Widget */,
				7A214C00260E20B700DDA19B /* GMAPP_Release_Widget.intentdefinition */,
				7A214C03260E20B800DDA19B /* Info.plist */,
			);
			path = "GMAPP-Release-Widget";
			sourceTree = "<group>";
		};
		7A214C4C2616340800DDA19B /* Published */ = {
			isa = PBXGroup;
			children = (
				7AA12180260865F400CE55DC /* FavouriteGames.swift */,
				7A214C4726162BC000DDA19B /* Games.swift */,
				7A214C542616386000DDA19B /* Genres.swift */,
			);
			path = Published;
			sourceTree = "<group>";
		};
		7A8FC9A52603BFB10051F56E = {
			isa = PBXGroup;
			children = (
				7A8FC9B02603BFB10051F56E /* GMAPP */,
				7A8FC9DB2603C5B70051F56E /* GMAPP-Unit-Tests */,
				7A214BFD260E20B700DDA19B /* GMAPP-Release-Widget */,
				7A8FC9AF2603BFB10051F56E /* Products */,
				B88C2ED3737AFA68F558481B /* Pods */,
				A606C6BF508AE970A46C5817 /* Frameworks */,
			);
			sourceTree = "<group>";
		};
		7A8FC9AF2603BFB10051F56E /* Products */ = {
			isa = PBXGroup;
			children = (
				7A8FC9AE2603BFB10051F56E /* GMAPP.app */,
				7A8FC9DA2603C5B60051F56E /* GMAPP-Unit-Tests.xctest */,
				7A214BF8260E20B700DDA19B /* GMAPP-Release-WidgetExtension.appex */,
			);
			name = Products;
			sourceTree = "<group>";
		};
		7A8FC9B02603BFB10051F56E /* GMAPP */ = {
			isa = PBXGroup;
			children = (
				E08FBB03260FA32F000DA844 /* Entitlements */,
				7A8FC9C52603BFDB0051F56E /* Utility */,
				7A8FC9C42603BFD50051F56E /* Views */,
				7A8FC9C32603BFCF0051F56E /* Models */,
				7A8FC9C22603BFCA0051F56E /* Services */,
				7A8FC9B12603BFB10051F56E /* GMAPPApp.swift */,
				E09E2234261062C600783F7F /* AppDelegate.swift */,
				7A8FC9B52603BFB20051F56E /* Assets.xcassets */,
				7A8FC9BA2603BFB20051F56E /* Info.plist */,
				7A8FC9B72603BFB20051F56E /* Preview Content */,
			);
			path = GMAPP;
			sourceTree = "<group>";
		};
		7A8FC9B72603BFB20051F56E /* Preview Content */ = {
			isa = PBXGroup;
			children = (
				7A8FC9B82603BFB20051F56E /* Preview Assets.xcassets */,
			);
			path = "Preview Content";
			sourceTree = "<group>";
		};
		7A8FC9C22603BFCA0051F56E /* Services */ = {
			isa = PBXGroup;
			children = (
				7A8FC9CD2603C0320051F56E /* GameService.swift */,
			);
			path = Services;
			sourceTree = "<group>";
		};
		7A8FC9C32603BFCF0051F56E /* Models */ = {
			isa = PBXGroup;
			children = (
				7A214C4C2616340800DDA19B /* Published */,
				7A8FC9D02603C04C0051F56E /* Game.swift */,
				7A214C30261625FB00DDA19B /* Genre.swift */,
				7A214C35261627ED00DDA19B /* Platform.swift */,
			);
			path = Models;
			sourceTree = "<group>";
		};
		7A8FC9C42603BFD50051F56E /* Views */ = {
			isa = PBXGroup;
			children = (
				7A214BD32608701900DDA19B /* UtilViews */,
				7A8FC9B32603BFB10051F56E /* GamesView.swift */,
				7A8FC9FA2603CC980051F56E /* GameDetailsView.swift */,
				7AA121842608682600CE55DC /* FavouriteGamesView.swift */,
				7AA121882608686800CE55DC /* MainView.swift */,
				7A214C3A2616288400DDA19B /* FilteringGamesView.swift */,
			);
			path = Views;
			sourceTree = "<group>";
		};
		7A8FC9C52603BFDB0051F56E /* Utility */ = {
			isa = PBXGroup;
			children = (
				7A8FC9C62603BFF00051F56E /* Constants.swift */,
				7A8FC9CA2603BFFB0051F56E /* Helpers.swift */,
				7A8FCA062605FA0A0051F56E /* NetworkError.swift */,
				7A8FCA17260655900051F56E /* Logger.swift */,
			);
			path = Utility;
			sourceTree = "<group>";
		};
		7A8FC9DB2603C5B70051F56E /* GMAPP-Unit-Tests */ = {
			isa = PBXGroup;
			children = (
				7A8FC9DC2603C5B70051F56E /* GMAPP_Unit_Tests.swift */,
				7A8FC9DE2603C5B70051F56E /* Info.plist */,
				7A8FC9E62603C6090051F56E /* UtilitiesTests.swift */,
			);
			path = "GMAPP-Unit-Tests";
			sourceTree = "<group>";
		};
		A606C6BF508AE970A46C5817 /* Frameworks */ = {
			isa = PBXGroup;
			children = (
				7A214BF9260E20B700DDA19B /* WidgetKit.framework */,
				7A214BFB260E20B700DDA19B /* SwiftUI.framework */,
			);
			name = Frameworks;
			sourceTree = "<group>";
		};
		B88C2ED3737AFA68F558481B /* Pods */ = {
			isa = PBXGroup;
			children = (
				350C1202B3FEF8016D1D3825 /* Pods-GMAPP.debug.xcconfig */,
				FA93DEFED600E933FA3A0E3B /* Pods-GMAPP.release.xcconfig */,
				FFEAEB38B0B85DC00E758D99 /* Pods-GMAPP-Unit-Tests.debug.xcconfig */,
				0D083CD6E5A20D099C25DC8E /* Pods-GMAPP-Unit-Tests.release.xcconfig */,
			);
			path = Pods;
			sourceTree = "<group>";
		};
		E08FBB03260FA32F000DA844 /* Entitlements */ = {
			isa = PBXGroup;
			children = (
				E08FBB02260FA313000DA844 /* GMAPP-Release-WidgetExtension.entitlements */,
				E08FBB01260FA2F9000DA844 /* GMAPP.entitlements */,
			);
			path = Entitlements;
			sourceTree = "<group>";
		};
		E08FBB0E260FA509000DA844 /* Widget */ = {
			isa = PBXGroup;
			children = (
				7A214BFE260E20B700DDA19B /* GMAPP_Release_Widget.swift */,
				E08FBB0F260FA512000DA844 /* ReleaseWidgetTimelineProvider.swift */,
			);
			path = Widget;
			sourceTree = "<group>";
		};
		E08FBB20260FA588000DA844 /* Models */ = {
			isa = PBXGroup;
			children = (
				E08FBB21260FA597000DA844 /* ReleaseWidgetEntry.swift */,
			);
			path = Models;
			sourceTree = "<group>";
		};
		E08FBB29260FA5F9000DA844 /* Views */ = {
			isa = PBXGroup;
			children = (
				E08FBB2A260FA62B000DA844 /* ReleaseWidgetEntryView.swift */,
				E08FBB45260FAE15000DA844 /* GameReleaseView.swift */,
				E08FBB4A260FB103000DA844 /* GameReleaseNoFav.swift */,
			);
			path = Views;
			sourceTree = "<group>";
		};
/* End PBXGroup section */

/* Begin PBXNativeTarget section */
		7A214BF7260E20B700DDA19B /* GMAPP-Release-WidgetExtension */ = {
			isa = PBXNativeTarget;
			buildConfigurationList = 7A214C09260E20B800DDA19B /* Build configuration list for PBXNativeTarget "GMAPP-Release-WidgetExtension" */;
			buildPhases = (
				7A214BF4260E20B700DDA19B /* Sources */,
				7A214BF5260E20B700DDA19B /* Frameworks */,
				7A214BF6260E20B700DDA19B /* Resources */,
			);
			buildRules = (
			);
			dependencies = (
			);
			name = "GMAPP-Release-WidgetExtension";
			productName = "GMAPP-Release-WidgetExtension";
			productReference = 7A214BF8260E20B700DDA19B /* GMAPP-Release-WidgetExtension.appex */;
			productType = "com.apple.product-type.app-extension";
		};
		7A8FC9AD2603BFB10051F56E /* GMAPP */ = {
			isa = PBXNativeTarget;
			buildConfigurationList = 7A8FC9BD2603BFB20051F56E /* Build configuration list for PBXNativeTarget "GMAPP" */;
			buildPhases = (
				FC29BBE15202D304384CC09A /* [CP] Check Pods Manifest.lock */,
				7A8FC9AA2603BFB10051F56E /* Sources */,
				7A8FC9AB2603BFB10051F56E /* Frameworks */,
				7A8FC9AC2603BFB10051F56E /* Resources */,
				7A214C0C260E20B800DDA19B /* Embed App Extensions */,
			);
			buildRules = (
			);
			dependencies = (
				7A214C07260E20B800DDA19B /* PBXTargetDependency */,
			);
			name = GMAPP;
			packageProductDependencies = (
			);
			productName = GMAPP;
			productReference = 7A8FC9AE2603BFB10051F56E /* GMAPP.app */;
			productType = "com.apple.product-type.application";
		};
		7A8FC9D92603C5B60051F56E /* GMAPP-Unit-Tests */ = {
			isa = PBXNativeTarget;
			buildConfigurationList = 7A8FC9E12603C5B70051F56E /* Build configuration list for PBXNativeTarget "GMAPP-Unit-Tests" */;
			buildPhases = (
				A2C1F67F9EF752AC41A1AE82 /* [CP] Check Pods Manifest.lock */,
				7A8FC9D62603C5B60051F56E /* Sources */,
				7A8FC9D72603C5B60051F56E /* Frameworks */,
				7A8FC9D82603C5B60051F56E /* Resources */,
			);
			buildRules = (
			);
			dependencies = (
				7A8FC9E02603C5B70051F56E /* PBXTargetDependency */,
			);
			name = "GMAPP-Unit-Tests";
			productName = "GMAPP-Unit-Tests";
			productReference = 7A8FC9DA2603C5B60051F56E /* GMAPP-Unit-Tests.xctest */;
			productType = "com.apple.product-type.bundle.unit-test";
		};
/* End PBXNativeTarget section */

/* Begin PBXProject section */
		7A8FC9A62603BFB10051F56E /* Project object */ = {
			isa = PBXProject;
			attributes = {
				LastSwiftUpdateCheck = 1240;
				LastUpgradeCheck = 1240;
				TargetAttributes = {
					7A214BF7260E20B700DDA19B = {
						CreatedOnToolsVersion = 12.4;
					};
					7A8FC9AD2603BFB10051F56E = {
						CreatedOnToolsVersion = 12.4;
					};
					7A8FC9D92603C5B60051F56E = {
						CreatedOnToolsVersion = 12.4;
						TestTargetID = 7A8FC9AD2603BFB10051F56E;
					};
				};
			};
			buildConfigurationList = 7A8FC9A92603BFB10051F56E /* Build configuration list for PBXProject "GMAPP" */;
			compatibilityVersion = "Xcode 9.3";
			developmentRegion = en;
			hasScannedForEncodings = 0;
			knownRegions = (
				en,
				Base,
			);
			mainGroup = 7A8FC9A52603BFB10051F56E;
			packageReferences = (
			);
			productRefGroup = 7A8FC9AF2603BFB10051F56E /* Products */;
			projectDirPath = "";
			projectRoot = "";
			targets = (
				7A8FC9AD2603BFB10051F56E /* GMAPP */,
				7A8FC9D92603C5B60051F56E /* GMAPP-Unit-Tests */,
				7A214BF7260E20B700DDA19B /* GMAPP-Release-WidgetExtension */,
			);
		};
/* End PBXProject section */

/* Begin PBXResourcesBuildPhase section */
		7A214BF6260E20B700DDA19B /* Resources */ = {
			isa = PBXResourcesBuildPhase;
			buildActionMask = 2147483647;
			files = (
				E08FBB59260FB5C6000DA844 /* Assets.xcassets in Resources */,
			);
			runOnlyForDeploymentPostprocessing = 0;
		};
		7A8FC9AC2603BFB10051F56E /* Resources */ = {
			isa = PBXResourcesBuildPhase;
			buildActionMask = 2147483647;
			files = (
				7A8FC9B92603BFB20051F56E /* Preview Assets.xcassets in Resources */,
				7A8FC9B62603BFB20051F56E /* Assets.xcassets in Resources */,
			);
			runOnlyForDeploymentPostprocessing = 0;
		};
		7A8FC9D82603C5B60051F56E /* Resources */ = {
			isa = PBXResourcesBuildPhase;
			buildActionMask = 2147483647;
			files = (
			);
			runOnlyForDeploymentPostprocessing = 0;
		};
/* End PBXResourcesBuildPhase section */

/* Begin PBXShellScriptBuildPhase section */
		A2C1F67F9EF752AC41A1AE82 /* [CP] Check Pods Manifest.lock */ = {
			isa = PBXShellScriptBuildPhase;
			buildActionMask = 2147483647;
			files = (
			);
			inputFileListPaths = (
			);
			inputPaths = (
				"${PODS_PODFILE_DIR_PATH}/Podfile.lock",
				"${PODS_ROOT}/Manifest.lock",
			);
			name = "[CP] Check Pods Manifest.lock";
			outputFileListPaths = (
			);
			outputPaths = (
				"$(DERIVED_FILE_DIR)/Pods-GMAPP-Unit-Tests-checkManifestLockResult.txt",
			);
			runOnlyForDeploymentPostprocessing = 0;
			shellPath = /bin/sh;
			shellScript = "diff \"${PODS_PODFILE_DIR_PATH}/Podfile.lock\" \"${PODS_ROOT}/Manifest.lock\" > /dev/null\nif [ $? != 0 ] ; then\n    # print error to STDERR\n    echo \"error: The sandbox is not in sync with the Podfile.lock. Run 'pod install' or update your CocoaPods installation.\" >&2\n    exit 1\nfi\n# This output is used by Xcode 'outputs' to avoid re-running this script phase.\necho \"SUCCESS\" > \"${SCRIPT_OUTPUT_FILE_0}\"\n";
			showEnvVarsInLog = 0;
		};
		FC29BBE15202D304384CC09A /* [CP] Check Pods Manifest.lock */ = {
			isa = PBXShellScriptBuildPhase;
			buildActionMask = 2147483647;
			files = (
			);
			inputFileListPaths = (
			);
			inputPaths = (
				"${PODS_PODFILE_DIR_PATH}/Podfile.lock",
				"${PODS_ROOT}/Manifest.lock",
			);
			name = "[CP] Check Pods Manifest.lock";
			outputFileListPaths = (
			);
			outputPaths = (
				"$(DERIVED_FILE_DIR)/Pods-GMAPP-checkManifestLockResult.txt",
			);
			runOnlyForDeploymentPostprocessing = 0;
			shellPath = /bin/sh;
			shellScript = "diff \"${PODS_PODFILE_DIR_PATH}/Podfile.lock\" \"${PODS_ROOT}/Manifest.lock\" > /dev/null\nif [ $? != 0 ] ; then\n    # print error to STDERR\n    echo \"error: The sandbox is not in sync with the Podfile.lock. Run 'pod install' or update your CocoaPods installation.\" >&2\n    exit 1\nfi\n# This output is used by Xcode 'outputs' to avoid re-running this script phase.\necho \"SUCCESS\" > \"${SCRIPT_OUTPUT_FILE_0}\"\n";
			showEnvVarsInLog = 0;
		};
/* End PBXShellScriptBuildPhase section */

/* Begin PBXSourcesBuildPhase section */
		7A214BF4260E20B700DDA19B /* Sources */ = {
			isa = PBXSourcesBuildPhase;
			buildActionMask = 2147483647;
			files = (
				7A214C04260E20B800DDA19B /* GMAPP_Release_Widget.intentdefinition in Sources */,
				E08FBB4B260FB103000DA844 /* GameReleaseNoFav.swift in Sources */,
				E08FBB35260FA7BB000DA844 /* Game.swift in Sources */,
				E08FBB10260FA512000DA844 /* ReleaseWidgetTimelineProvider.swift in Sources */,
				E08FBB39260FA932000DA844 /* FavouriteGames.swift in Sources */,
				E08FBB41260FA9AE000DA844 /* Helpers.swift in Sources */,
				E08FBB22260FA597000DA844 /* ReleaseWidgetEntry.swift in Sources */,
				E08FBB2B260FA62B000DA844 /* ReleaseWidgetEntryView.swift in Sources */,
				7A214BFF260E20B700DDA19B /* GMAPP_Release_Widget.swift in Sources */,
				E08FBB46260FAE15000DA844 /* GameReleaseView.swift in Sources */,
				E08FBB3D260FA943000DA844 /* Logger.swift in Sources */,
			);
			runOnlyForDeploymentPostprocessing = 0;
		};
		7A8FC9AA2603BFB10051F56E /* Sources */ = {
			isa = PBXSourcesBuildPhase;
			buildActionMask = 2147483647;
			files = (
				7A214C36261627ED00DDA19B /* Platform.swift in Sources */,
				7A8FC9B42603BFB10051F56E /* GamesView.swift in Sources */,
				7AA121892608686800CE55DC /* MainView.swift in Sources */,
				7A214C4826162BC000DDA19B /* Games.swift in Sources */,
				7AA121852608682600CE55DC /* FavouriteGamesView.swift in Sources */,
				E09E2235261062C600783F7F /* AppDelegate.swift in Sources */,
				7A8FC9EF2603C6C40051F56E /* Helpers.swift in Sources */,
				7A214C1E2614DCB000DDA19B /* ScoreBlob.swift in Sources */,
				7A8FC9D12603C04C0051F56E /* Game.swift in Sources */,
				7A214C552616386000DDA19B /* Genres.swift in Sources */,
				7AA12181260865F400CE55DC /* FavouriteGames.swift in Sources */,
				7A8FC9FB2603CC980051F56E /* GameDetailsView.swift in Sources */,
				7A8FC9B22603BFB10051F56E /* GMAPPApp.swift in Sources */,
				7A214C31261625FB00DDA19B /* Genre.swift in Sources */,
				7A214C05260E20B800DDA19B /* GMAPP_Release_Widget.intentdefinition in Sources */,
				7A8FCA18260655900051F56E /* Logger.swift in Sources */,
				7A8FC9CE2603C0320051F56E /* GameService.swift in Sources */,
				7A8FCA072605FA0A0051F56E /* NetworkError.swift in Sources */,
				7A6C69D9261C80C00072A9E4 /* GenreBlob.swift in Sources */,
				7A8FC9C72603BFF00051F56E /* Constants.swift in Sources */,
				7A6C69D4261C7EAD0072A9E4 /* GameRowLifting.swift in Sources */,
				7A214C3B2616288400DDA19B /* FilteringGamesView.swift in Sources */,
			);
			runOnlyForDeploymentPostprocessing = 0;
		};
		7A8FC9D62603C5B60051F56E /* Sources */ = {
			isa = PBXSourcesBuildPhase;
			buildActionMask = 2147483647;
			files = (
				7A8FC9DD2603C5B70051F56E /* GMAPP_Unit_Tests.swift in Sources */,
				7A8FC9E72603C6090051F56E /* UtilitiesTests.swift in Sources */,
			);
			runOnlyForDeploymentPostprocessing = 0;
		};
/* End PBXSourcesBuildPhase section */

/* Begin PBXTargetDependency section */
		7A214C07260E20B800DDA19B /* PBXTargetDependency */ = {
			isa = PBXTargetDependency;
			target = 7A214BF7260E20B700DDA19B /* GMAPP-Release-WidgetExtension */;
			targetProxy = 7A214C06260E20B800DDA19B /* PBXContainerItemProxy */;
		};
		7A8FC9E02603C5B70051F56E /* PBXTargetDependency */ = {
			isa = PBXTargetDependency;
			target = 7A8FC9AD2603BFB10051F56E /* GMAPP */;
			targetProxy = 7A8FC9DF2603C5B70051F56E /* PBXContainerItemProxy */;
		};
/* End PBXTargetDependency section */

/* Begin XCBuildConfiguration section */
		7A214C0A260E20B800DDA19B /* Debug */ = {
			isa = XCBuildConfiguration;
			buildSettings = {
				ASSETCATALOG_COMPILER_GLOBAL_ACCENT_COLOR_NAME = AccentColor;
				ASSETCATALOG_COMPILER_WIDGET_BACKGROUND_COLOR_NAME = WidgetBackground;
				CODE_SIGN_ENTITLEMENTS = "GMAPP/Entitlements/GMAPP-Release-WidgetExtension.entitlements";
				CODE_SIGN_IDENTITY = "Apple Development";
				CODE_SIGN_STYLE = Automatic;
				DEVELOPMENT_TEAM = 7KN966P9LP;
				INFOPLIST_FILE = "GMAPP-Release-Widget/Info.plist";
				LD_RUNPATH_SEARCH_PATHS = (
					"$(inherited)",
					"@executable_path/Frameworks",
					"@executable_path/../../Frameworks",
				);
				PRODUCT_BUNDLE_IDENTIFIER = "lswarss.GMAPP.GMAPP-Release-Widget";
				PRODUCT_NAME = "$(TARGET_NAME)";
				SKIP_INSTALL = YES;
				SWIFT_VERSION = 5.0;
				TARGETED_DEVICE_FAMILY = 1;
			};
			name = Debug;
		};
		7A214C0B260E20B800DDA19B /* Release */ = {
			isa = XCBuildConfiguration;
			buildSettings = {
				ASSETCATALOG_COMPILER_GLOBAL_ACCENT_COLOR_NAME = AccentColor;
				ASSETCATALOG_COMPILER_WIDGET_BACKGROUND_COLOR_NAME = WidgetBackground;
				CODE_SIGN_ENTITLEMENTS = "GMAPP/Entitlements/GMAPP-Release-WidgetExtension.entitlements";
				CODE_SIGN_IDENTITY = "Apple Development";
				CODE_SIGN_STYLE = Automatic;
				DEVELOPMENT_TEAM = 7KN966P9LP;
				INFOPLIST_FILE = "GMAPP-Release-Widget/Info.plist";
				LD_RUNPATH_SEARCH_PATHS = (
					"$(inherited)",
					"@executable_path/Frameworks",
					"@executable_path/../../Frameworks",
				);
				PRODUCT_BUNDLE_IDENTIFIER = "lswarss.GMAPP.GMAPP-Release-Widget";
				PRODUCT_NAME = "$(TARGET_NAME)";
				SKIP_INSTALL = YES;
				SWIFT_VERSION = 5.0;
				TARGETED_DEVICE_FAMILY = 1;
			};
			name = Release;
		};
		7A8FC9BB2603BFB20051F56E /* Debug */ = {
			isa = XCBuildConfiguration;
			buildSettings = {
				ALWAYS_SEARCH_USER_PATHS = NO;
				CLANG_ANALYZER_NONNULL = YES;
				CLANG_ANALYZER_NUMBER_OBJECT_CONVERSION = YES_AGGRESSIVE;
				CLANG_CXX_LANGUAGE_STANDARD = "gnu++14";
				CLANG_CXX_LIBRARY = "libc++";
				CLANG_ENABLE_MODULES = YES;
				CLANG_ENABLE_OBJC_ARC = YES;
				CLANG_ENABLE_OBJC_WEAK = YES;
				CLANG_WARN_BLOCK_CAPTURE_AUTORELEASING = YES;
				CLANG_WARN_BOOL_CONVERSION = YES;
				CLANG_WARN_COMMA = YES;
				CLANG_WARN_CONSTANT_CONVERSION = YES;
				CLANG_WARN_DEPRECATED_OBJC_IMPLEMENTATIONS = YES;
				CLANG_WARN_DIRECT_OBJC_ISA_USAGE = YES_ERROR;
				CLANG_WARN_DOCUMENTATION_COMMENTS = YES;
				CLANG_WARN_EMPTY_BODY = YES;
				CLANG_WARN_ENUM_CONVERSION = YES;
				CLANG_WARN_INFINITE_RECURSION = YES;
				CLANG_WARN_INT_CONVERSION = YES;
				CLANG_WARN_NON_LITERAL_NULL_CONVERSION = YES;
				CLANG_WARN_OBJC_IMPLICIT_RETAIN_SELF = YES;
				CLANG_WARN_OBJC_LITERAL_CONVERSION = YES;
				CLANG_WARN_OBJC_ROOT_CLASS = YES_ERROR;
				CLANG_WARN_QUOTED_INCLUDE_IN_FRAMEWORK_HEADER = YES;
				CLANG_WARN_RANGE_LOOP_ANALYSIS = YES;
				CLANG_WARN_STRICT_PROTOTYPES = YES;
				CLANG_WARN_SUSPICIOUS_MOVE = YES;
				CLANG_WARN_UNGUARDED_AVAILABILITY = YES_AGGRESSIVE;
				CLANG_WARN_UNREACHABLE_CODE = YES;
				CLANG_WARN__DUPLICATE_METHOD_MATCH = YES;
				COPY_PHASE_STRIP = NO;
				DEBUG_INFORMATION_FORMAT = dwarf;
				ENABLE_STRICT_OBJC_MSGSEND = YES;
				ENABLE_TESTABILITY = YES;
				GCC_C_LANGUAGE_STANDARD = gnu11;
				GCC_DYNAMIC_NO_PIC = NO;
				GCC_NO_COMMON_BLOCKS = YES;
				GCC_OPTIMIZATION_LEVEL = 0;
				GCC_PREPROCESSOR_DEFINITIONS = (
					"DEBUG=1",
					"$(inherited)",
				);
				GCC_WARN_64_TO_32_BIT_CONVERSION = YES;
				GCC_WARN_ABOUT_RETURN_TYPE = YES_ERROR;
				GCC_WARN_UNDECLARED_SELECTOR = YES;
				GCC_WARN_UNINITIALIZED_AUTOS = YES_AGGRESSIVE;
				GCC_WARN_UNUSED_FUNCTION = YES;
				GCC_WARN_UNUSED_VARIABLE = YES;
				IPHONEOS_DEPLOYMENT_TARGET = 14.4;
				MTL_ENABLE_DEBUG_INFO = INCLUDE_SOURCE;
				MTL_FAST_MATH = YES;
				ONLY_ACTIVE_ARCH = YES;
				SDKROOT = iphoneos;
				SWIFT_ACTIVE_COMPILATION_CONDITIONS = DEBUG;
				SWIFT_OPTIMIZATION_LEVEL = "-Onone";
			};
			name = Debug;
		};
		7A8FC9BC2603BFB20051F56E /* Release */ = {
			isa = XCBuildConfiguration;
			buildSettings = {
				ALWAYS_SEARCH_USER_PATHS = NO;
				CLANG_ANALYZER_NONNULL = YES;
				CLANG_ANALYZER_NUMBER_OBJECT_CONVERSION = YES_AGGRESSIVE;
				CLANG_CXX_LANGUAGE_STANDARD = "gnu++14";
				CLANG_CXX_LIBRARY = "libc++";
				CLANG_ENABLE_MODULES = YES;
				CLANG_ENABLE_OBJC_ARC = YES;
				CLANG_ENABLE_OBJC_WEAK = YES;
				CLANG_WARN_BLOCK_CAPTURE_AUTORELEASING = YES;
				CLANG_WARN_BOOL_CONVERSION = YES;
				CLANG_WARN_COMMA = YES;
				CLANG_WARN_CONSTANT_CONVERSION = YES;
				CLANG_WARN_DEPRECATED_OBJC_IMPLEMENTATIONS = YES;
				CLANG_WARN_DIRECT_OBJC_ISA_USAGE = YES_ERROR;
				CLANG_WARN_DOCUMENTATION_COMMENTS = YES;
				CLANG_WARN_EMPTY_BODY = YES;
				CLANG_WARN_ENUM_CONVERSION = YES;
				CLANG_WARN_INFINITE_RECURSION = YES;
				CLANG_WARN_INT_CONVERSION = YES;
				CLANG_WARN_NON_LITERAL_NULL_CONVERSION = YES;
				CLANG_WARN_OBJC_IMPLICIT_RETAIN_SELF = YES;
				CLANG_WARN_OBJC_LITERAL_CONVERSION = YES;
				CLANG_WARN_OBJC_ROOT_CLASS = YES_ERROR;
				CLANG_WARN_QUOTED_INCLUDE_IN_FRAMEWORK_HEADER = YES;
				CLANG_WARN_RANGE_LOOP_ANALYSIS = YES;
				CLANG_WARN_STRICT_PROTOTYPES = YES;
				CLANG_WARN_SUSPICIOUS_MOVE = YES;
				CLANG_WARN_UNGUARDED_AVAILABILITY = YES_AGGRESSIVE;
				CLANG_WARN_UNREACHABLE_CODE = YES;
				CLANG_WARN__DUPLICATE_METHOD_MATCH = YES;
				COPY_PHASE_STRIP = NO;
				DEBUG_INFORMATION_FORMAT = "dwarf-with-dsym";
				ENABLE_NS_ASSERTIONS = NO;
				ENABLE_STRICT_OBJC_MSGSEND = YES;
				GCC_C_LANGUAGE_STANDARD = gnu11;
				GCC_NO_COMMON_BLOCKS = YES;
				GCC_WARN_64_TO_32_BIT_CONVERSION = YES;
				GCC_WARN_ABOUT_RETURN_TYPE = YES_ERROR;
				GCC_WARN_UNDECLARED_SELECTOR = YES;
				GCC_WARN_UNINITIALIZED_AUTOS = YES_AGGRESSIVE;
				GCC_WARN_UNUSED_FUNCTION = YES;
				GCC_WARN_UNUSED_VARIABLE = YES;
				IPHONEOS_DEPLOYMENT_TARGET = 14.4;
				MTL_ENABLE_DEBUG_INFO = NO;
				MTL_FAST_MATH = YES;
				SDKROOT = iphoneos;
				SWIFT_COMPILATION_MODE = wholemodule;
				SWIFT_OPTIMIZATION_LEVEL = "-O";
				VALIDATE_PRODUCT = YES;
			};
			name = Release;
		};
		7A8FC9BE2603BFB20051F56E /* Debug */ = {
			isa = XCBuildConfiguration;
			baseConfigurationReference = 350C1202B3FEF8016D1D3825 /* Pods-GMAPP.debug.xcconfig */;
			buildSettings = {
				ALWAYS_EMBED_SWIFT_STANDARD_LIBRARIES = YES;
				ASSETCATALOG_COMPILER_APPICON_NAME = AppIcon;
				ASSETCATALOG_COMPILER_GLOBAL_ACCENT_COLOR_NAME = AccentColor;
				CODE_SIGN_ENTITLEMENTS = GMAPP/Entitlements/GMAPP.entitlements;
				CODE_SIGN_IDENTITY = "Apple Development";
				CODE_SIGN_STYLE = Automatic;
				DEVELOPMENT_ASSET_PATHS = "\"GMAPP/Preview Content\"";
				DEVELOPMENT_TEAM = 7KN966P9LP;
				ENABLE_PREVIEWS = YES;
				INFOPLIST_FILE = GMAPP/Info.plist;
				IPHONEOS_DEPLOYMENT_TARGET = 14.0;
				LD_RUNPATH_SEARCH_PATHS = (
					"$(inherited)",
					"@executable_path/Frameworks",
				);
				PRODUCT_BUNDLE_IDENTIFIER = lswarss.GMAPP;
				PRODUCT_NAME = "$(TARGET_NAME)";
				PROVISIONING_PROFILE_SPECIFIER = "";
				SWIFT_VERSION = 5.0;
				TARGETED_DEVICE_FAMILY = 1;
			};
			name = Debug;
		};
		7A8FC9BF2603BFB20051F56E /* Release */ = {
			isa = XCBuildConfiguration;
			baseConfigurationReference = FA93DEFED600E933FA3A0E3B /* Pods-GMAPP.release.xcconfig */;
			buildSettings = {
				ALWAYS_EMBED_SWIFT_STANDARD_LIBRARIES = YES;
				ASSETCATALOG_COMPILER_APPICON_NAME = AppIcon;
				ASSETCATALOG_COMPILER_GLOBAL_ACCENT_COLOR_NAME = AccentColor;
				CODE_SIGN_ENTITLEMENTS = GMAPP/Entitlements/GMAPP.entitlements;
				CODE_SIGN_IDENTITY = "Apple Development";
				CODE_SIGN_STYLE = Automatic;
				DEVELOPMENT_ASSET_PATHS = "\"GMAPP/Preview Content\"";
				DEVELOPMENT_TEAM = 7KN966P9LP;
				ENABLE_PREVIEWS = YES;
				INFOPLIST_FILE = GMAPP/Info.plist;
				IPHONEOS_DEPLOYMENT_TARGET = 14.0;
				LD_RUNPATH_SEARCH_PATHS = (
					"$(inherited)",
					"@executable_path/Frameworks",
				);
				PRODUCT_BUNDLE_IDENTIFIER = lswarss.GMAPP;
				PRODUCT_NAME = "$(TARGET_NAME)";
				PROVISIONING_PROFILE_SPECIFIER = "";
				SWIFT_VERSION = 5.0;
				TARGETED_DEVICE_FAMILY = 1;
			};
			name = Release;
		};
		7A8FC9E22603C5B70051F56E /* Debug */ = {
			isa = XCBuildConfiguration;
			baseConfigurationReference = FFEAEB38B0B85DC00E758D99 /* Pods-GMAPP-Unit-Tests.debug.xcconfig */;
			buildSettings = {
				BUNDLE_LOADER = "$(TEST_HOST)";
				CODE_SIGN_STYLE = Automatic;
				DEVELOPMENT_TEAM = 7KN966P9LP;
				INFOPLIST_FILE = "GMAPP-Unit-Tests/Info.plist";
				LD_RUNPATH_SEARCH_PATHS = (
					"$(inherited)",
					"@executable_path/Frameworks",
					"@loader_path/Frameworks",
				);
				PRODUCT_BUNDLE_IDENTIFIER = "lswarss.GMAPP-Unit-Tests";
				PRODUCT_NAME = "$(TARGET_NAME)";
				SWIFT_VERSION = 5.0;
				TARGETED_DEVICE_FAMILY = "1,2";
				TEST_HOST = "$(BUILT_PRODUCTS_DIR)/GMAPP.app/GMAPP";
			};
			name = Debug;
		};
		7A8FC9E32603C5B70051F56E /* Release */ = {
			isa = XCBuildConfiguration;
			baseConfigurationReference = 0D083CD6E5A20D099C25DC8E /* Pods-GMAPP-Unit-Tests.release.xcconfig */;
			buildSettings = {
				BUNDLE_LOADER = "$(TEST_HOST)";
				CODE_SIGN_STYLE = Automatic;
				DEVELOPMENT_TEAM = 7KN966P9LP;
				INFOPLIST_FILE = "GMAPP-Unit-Tests/Info.plist";
				LD_RUNPATH_SEARCH_PATHS = (
					"$(inherited)",
					"@executable_path/Frameworks",
					"@loader_path/Frameworks",
				);
				PRODUCT_BUNDLE_IDENTIFIER = "lswarss.GMAPP-Unit-Tests";
				PRODUCT_NAME = "$(TARGET_NAME)";
				SWIFT_VERSION = 5.0;
				TARGETED_DEVICE_FAMILY = "1,2";
				TEST_HOST = "$(BUILT_PRODUCTS_DIR)/GMAPP.app/GMAPP";
			};
			name = Release;
		};
/* End XCBuildConfiguration section */

/* Begin XCConfigurationList section */
		7A214C09260E20B800DDA19B /* Build configuration list for PBXNativeTarget "GMAPP-Release-WidgetExtension" */ = {
			isa = XCConfigurationList;
			buildConfigurations = (
				7A214C0A260E20B800DDA19B /* Debug */,
				7A214C0B260E20B800DDA19B /* Release */,
			);
			defaultConfigurationIsVisible = 0;
			defaultConfigurationName = Release;
		};
		7A8FC9A92603BFB10051F56E /* Build configuration list for PBXProject "GMAPP" */ = {
			isa = XCConfigurationList;
			buildConfigurations = (
				7A8FC9BB2603BFB20051F56E /* Debug */,
				7A8FC9BC2603BFB20051F56E /* Release */,
			);
			defaultConfigurationIsVisible = 0;
			defaultConfigurationName = Release;
		};
		7A8FC9BD2603BFB20051F56E /* Build configuration list for PBXNativeTarget "GMAPP" */ = {
			isa = XCConfigurationList;
			buildConfigurations = (
				7A8FC9BE2603BFB20051F56E /* Debug */,
				7A8FC9BF2603BFB20051F56E /* Release */,
			);
			defaultConfigurationIsVisible = 0;
			defaultConfigurationName = Release;
		};
		7A8FC9E12603C5B70051F56E /* Build configuration list for PBXNativeTarget "GMAPP-Unit-Tests" */ = {
			isa = XCConfigurationList;
			buildConfigurations = (
				7A8FC9E22603C5B70051F56E /* Debug */,
				7A8FC9E32603C5B70051F56E /* Release */,
			);
			defaultConfigurationIsVisible = 0;
			defaultConfigurationName = Release;
		};
/* End XCConfigurationList section */
	};
	rootObject = 7A8FC9A62603BFB10051F56E /* Project object */;
}
