// !$*UTF8*$!
{
	archiveVersion = 1;
	classes = {
	};
	objectVersion = 50;
	objects = {

/* Begin PBXBuildFile section */
		7A8FC9B22603BFB10051F56E /* GMAPPApp.swift in Sources */ = {isa = PBXBuildFile; fileRef = 7A8FC9B12603BFB10051F56E /* GMAPPApp.swift */; };
		7A8FC9B42603BFB10051F56E /* ContentView.swift in Sources */ = {isa = PBXBuildFile; fileRef = 7A8FC9B32603BFB10051F56E /* ContentView.swift */; };
		7A8FC9B62603BFB20051F56E /* Assets.xcassets in Resources */ = {isa = PBXBuildFile; fileRef = 7A8FC9B52603BFB20051F56E /* Assets.xcassets */; };
		7A8FC9B92603BFB20051F56E /* Preview Assets.xcassets in Resources */ = {isa = PBXBuildFile; fileRef = 7A8FC9B82603BFB20051F56E /* Preview Assets.xcassets */; };
		7A8FC9C72603BFF00051F56E /* Constants.swift in Sources */ = {isa = PBXBuildFile; fileRef = 7A8FC9C62603BFF00051F56E /* Constants.swift */; };
		7A8FC9CE2603C0320051F56E /* GameService.swift in Sources */ = {isa = PBXBuildFile; fileRef = 7A8FC9CD2603C0320051F56E /* GameService.swift */; };
		7A8FC9D12603C04C0051F56E /* Game.swift in Sources */ = {isa = PBXBuildFile; fileRef = 7A8FC9D02603C04C0051F56E /* Game.swift */; };
		7A8FC9D42603C05E0051F56E /* GameRow.swift in Sources */ = {isa = PBXBuildFile; fileRef = 7A8FC9D32603C05E0051F56E /* GameRow.swift */; };
		7A8FC9DD2603C5B70051F56E /* GMAPP_Unit_Tests.swift in Sources */ = {isa = PBXBuildFile; fileRef = 7A8FC9DC2603C5B70051F56E /* GMAPP_Unit_Tests.swift */; };
		7A8FC9E72603C6090051F56E /* UtilitiesTests .swift in Sources */ = {isa = PBXBuildFile; fileRef = 7A8FC9E62603C6090051F56E /* UtilitiesTests .swift */; };
		7A8FC9EF2603C6C40051F56E /* Helpers.swift in Sources */ = {isa = PBXBuildFile; fileRef = 7A8FC9CA2603BFFB0051F56E /* Helpers.swift */; };
/* End PBXBuildFile section */

/* Begin PBXContainerItemProxy section */
		7A8FC9DF2603C5B70051F56E /* PBXContainerItemProxy */ = {
			isa = PBXContainerItemProxy;
			containerPortal = 7A8FC9A62603BFB10051F56E /* Project object */;
			proxyType = 1;
			remoteGlobalIDString = 7A8FC9AD2603BFB10051F56E;
			remoteInfo = GMAPP;
		};
/* End PBXContainerItemProxy section */

/* Begin PBXFileReference section */
		7A8FC9AE2603BFB10051F56E /* GMAPP.app */ = {isa = PBXFileReference; explicitFileType = wrapper.application; includeInIndex = 0; path = GMAPP.app; sourceTree = BUILT_PRODUCTS_DIR; };
		7A8FC9B12603BFB10051F56E /* GMAPPApp.swift */ = {isa = PBXFileReference; lastKnownFileType = sourcecode.swift; path = GMAPPApp.swift; sourceTree = "<group>"; };
		7A8FC9B32603BFB10051F56E /* ContentView.swift */ = {isa = PBXFileReference; lastKnownFileType = sourcecode.swift; path = ContentView.swift; sourceTree = "<group>"; };
		7A8FC9B52603BFB20051F56E /* Assets.xcassets */ = {isa = PBXFileReference; lastKnownFileType = folder.assetcatalog; path = Assets.xcassets; sourceTree = "<group>"; };
		7A8FC9B82603BFB20051F56E /* Preview Assets.xcassets */ = {isa = PBXFileReference; lastKnownFileType = folder.assetcatalog; path = "Preview Assets.xcassets"; sourceTree = "<group>"; };
		7A8FC9BA2603BFB20051F56E /* Info.plist */ = {isa = PBXFileReference; lastKnownFileType = text.plist.xml; path = Info.plist; sourceTree = "<group>"; };
		7A8FC9C62603BFF00051F56E /* Constants.swift */ = {isa = PBXFileReference; lastKnownFileType = sourcecode.swift; path = Constants.swift; sourceTree = "<group>"; };
		7A8FC9CA2603BFFB0051F56E /* Helpers.swift */ = {isa = PBXFileReference; lastKnownFileType = sourcecode.swift; path = Helpers.swift; sourceTree = "<group>"; };
		7A8FC9CD2603C0320051F56E /* GameService.swift */ = {isa = PBXFileReference; lastKnownFileType = sourcecode.swift; path = GameService.swift; sourceTree = "<group>"; };
		7A8FC9D02603C04C0051F56E /* Game.swift */ = {isa = PBXFileReference; lastKnownFileType = sourcecode.swift; path = Game.swift; sourceTree = "<group>"; };
		7A8FC9D32603C05E0051F56E /* GameRow.swift */ = {isa = PBXFileReference; lastKnownFileType = sourcecode.swift; path = GameRow.swift; sourceTree = "<group>"; };
		7A8FC9DA2603C5B60051F56E /* GMAPP-Unit-Tests.xctest */ = {isa = PBXFileReference; explicitFileType = wrapper.cfbundle; includeInIndex = 0; path = "GMAPP-Unit-Tests.xctest"; sourceTree = BUILT_PRODUCTS_DIR; };
		7A8FC9DC2603C5B70051F56E /* GMAPP_Unit_Tests.swift */ = {isa = PBXFileReference; lastKnownFileType = sourcecode.swift; path = GMAPP_Unit_Tests.swift; sourceTree = "<group>"; };
		7A8FC9DE2603C5B70051F56E /* Info.plist */ = {isa = PBXFileReference; lastKnownFileType = text.plist.xml; path = Info.plist; sourceTree = "<group>"; };
		7A8FC9E62603C6090051F56E /* UtilitiesTests .swift */ = {isa = PBXFileReference; lastKnownFileType = sourcecode.swift; path = "UtilitiesTests .swift"; sourceTree = "<group>"; };
/* End PBXFileReference section */

/* Begin PBXFrameworksBuildPhase section */
		7A8FC9AB2603BFB10051F56E /* Frameworks */ = {
			isa = PBXFrameworksBuildPhase;
			buildActionMask = 2147483647;
			files = (
			);
			runOnlyForDeploymentPostprocessing = 0;
		};
		7A8FC9D72603C5B60051F56E /* Frameworks */ = {
			isa = PBXFrameworksBuildPhase;
			buildActionMask = 2147483647;
			files = (
			);
			runOnlyForDeploymentPostprocessing = 0;
		};
/* End PBXFrameworksBuildPhase section */

/* Begin PBXGroup section */
		7A8FC9A52603BFB10051F56E = {
			isa = PBXGroup;
			children = (
				7A8FC9B02603BFB10051F56E /* GMAPP */,
				7A8FC9DB2603C5B70051F56E /* GMAPP-Unit-Tests */,
				7A8FC9AF2603BFB10051F56E /* Products */,
			);
			sourceTree = "<group>";
		};
		7A8FC9AF2603BFB10051F56E /* Products */ = {
			isa = PBXGroup;
			children = (
				7A8FC9AE2603BFB10051F56E /* GMAPP.app */,
				7A8FC9DA2603C5B60051F56E /* GMAPP-Unit-Tests.xctest */,
			);
			name = Products;
			sourceTree = "<group>";
		};
		7A8FC9B02603BFB10051F56E /* GMAPP */ = {
			isa = PBXGroup;
			children = (
				7A8FC9C52603BFDB0051F56E /* Utility */,
				7A8FC9C42603BFD50051F56E /* Views */,
				7A8FC9C32603BFCF0051F56E /* Models */,
				7A8FC9C22603BFCA0051F56E /* Services */,
				7A8FC9B12603BFB10051F56E /* GMAPPApp.swift */,
				7A8FC9B32603BFB10051F56E /* ContentView.swift */,
				7A8FC9B52603BFB20051F56E /* Assets.xcassets */,
				7A8FC9BA2603BFB20051F56E /* Info.plist */,
				7A8FC9B72603BFB20051F56E /* Preview Content */,
			);
			path = GMAPP;
			sourceTree = "<group>";
		};
		7A8FC9B72603BFB20051F56E /* Preview Content */ = {
			isa = PBXGroup;
			children = (
				7A8FC9B82603BFB20051F56E /* Preview Assets.xcassets */,
			);
			path = "Preview Content";
			sourceTree = "<group>";
		};
		7A8FC9C22603BFCA0051F56E /* Services */ = {
			isa = PBXGroup;
			children = (
				7A8FC9CD2603C0320051F56E /* GameService.swift */,
			);
			path = Services;
			sourceTree = "<group>";
		};
		7A8FC9C32603BFCF0051F56E /* Models */ = {
			isa = PBXGroup;
			children = (
				7A8FC9D02603C04C0051F56E /* Game.swift */,
			);
			path = Models;
			sourceTree = "<group>";
		};
		7A8FC9C42603BFD50051F56E /* Views */ = {
			isa = PBXGroup;
			children = (
				7A8FC9D32603C05E0051F56E /* GameRow.swift */,
			);
			path = Views;
			sourceTree = "<group>";
		};
		7A8FC9C52603BFDB0051F56E /* Utility */ = {
			isa = PBXGroup;
			children = (
				7A8FC9C62603BFF00051F56E /* Constants.swift */,
				7A8FC9CA2603BFFB0051F56E /* Helpers.swift */,
			);
			path = Utility;
			sourceTree = "<group>";
		};
		7A8FC9DB2603C5B70051F56E /* GMAPP-Unit-Tests */ = {
			isa = PBXGroup;
			children = (
				7A8FC9DC2603C5B70051F56E /* GMAPP_Unit_Tests.swift */,
				7A8FC9DE2603C5B70051F56E /* Info.plist */,
				7A8FC9E62603C6090051F56E /* UtilitiesTests .swift */,
			);
			path = "GMAPP-Unit-Tests";
			sourceTree = "<group>";
		};
/* End PBXGroup section */

/* Begin PBXNativeTarget section */
		7A8FC9AD2603BFB10051F56E /* GMAPP */ = {
			isa = PBXNativeTarget;
			buildConfigurationList = 7A8FC9BD2603BFB20051F56E /* Build configuration list for PBXNativeTarget "GMAPP" */;
			buildPhases = (
				7A8FC9AA2603BFB10051F56E /* Sources */,
				7A8FC9AB2603BFB10051F56E /* Frameworks */,
				7A8FC9AC2603BFB10051F56E /* Resources */,
			);
			buildRules = (
			);
			dependencies = (
			);
			name = GMAPP;
			productName = GMAPP;
			productReference = 7A8FC9AE2603BFB10051F56E /* GMAPP.app */;
			productType = "com.apple.product-type.application";
		};
		7A8FC9D92603C5B60051F56E /* GMAPP-Unit-Tests */ = {
			isa = PBXNativeTarget;
			buildConfigurationList = 7A8FC9E12603C5B70051F56E /* Build configuration list for PBXNativeTarget "GMAPP-Unit-Tests" */;
			buildPhases = (
				7A8FC9D62603C5B60051F56E /* Sources */,
				7A8FC9D72603C5B60051F56E /* Frameworks */,
				7A8FC9D82603C5B60051F56E /* Resources */,
			);
			buildRules = (
			);
			dependencies = (
				7A8FC9E02603C5B70051F56E /* PBXTargetDependency */,
			);
			name = "GMAPP-Unit-Tests";
			productName = "GMAPP-Unit-Tests";
			productReference = 7A8FC9DA2603C5B60051F56E /* GMAPP-Unit-Tests.xctest */;
			productType = "com.apple.product-type.bundle.unit-test";
		};
/* End PBXNativeTarget section */

/* Begin PBXProject section */
		7A8FC9A62603BFB10051F56E /* Project object */ = {
			isa = PBXProject;
			attributes = {
				LastSwiftUpdateCheck = 1240;
				LastUpgradeCheck = 1240;
				TargetAttributes = {
					7A8FC9AD2603BFB10051F56E = {
						CreatedOnToolsVersion = 12.4;
					};
					7A8FC9D92603C5B60051F56E = {
						CreatedOnToolsVersion = 12.4;
						TestTargetID = 7A8FC9AD2603BFB10051F56E;
					};
				};
			};
			buildConfigurationList = 7A8FC9A92603BFB10051F56E /* Build configuration list for PBXProject "GMAPP" */;
			compatibilityVersion = "Xcode 9.3";
			developmentRegion = en;
			hasScannedForEncodings = 0;
			knownRegions = (
				en,
				Base,
			);
			mainGroup = 7A8FC9A52603BFB10051F56E;
			productRefGroup = 7A8FC9AF2603BFB10051F56E /* Products */;
			projectDirPath = "";
			projectRoot = "";
			targets = (
				7A8FC9AD2603BFB10051F56E /* GMAPP */,
				7A8FC9D92603C5B60051F56E /* GMAPP-Unit-Tests */,
			);
		};
/* End PBXProject section */

/* Begin PBXResourcesBuildPhase section */
		7A8FC9AC2603BFB10051F56E /* Resources */ = {
			isa = PBXResourcesBuildPhase;
			buildActionMask = 2147483647;
			files = (
				7A8FC9B92603BFB20051F56E /* Preview Assets.xcassets in Resources */,
				7A8FC9B62603BFB20051F56E /* Assets.xcassets in Resources */,
			);
			runOnlyForDeploymentPostprocessing = 0;
		};
		7A8FC9D82603C5B60051F56E /* Resources */ = {
			isa = PBXResourcesBuildPhase;
			buildActionMask = 2147483647;
			files = (
			);
			runOnlyForDeploymentPostprocessing = 0;
		};
/* End PBXResourcesBuildPhase section */

/* Begin PBXSourcesBuildPhase section */
		7A8FC9AA2603BFB10051F56E /* Sources */ = {
			isa = PBXSourcesBuildPhase;
			buildActionMask = 2147483647;
			files = (
				7A8FC9B42603BFB10051F56E /* ContentView.swift in Sources */,
				7A8FC9EF2603C6C40051F56E /* Helpers.swift in Sources */,
				7A8FC9D12603C04C0051F56E /* Game.swift in Sources */,
				7A8FC9B22603BFB10051F56E /* GMAPPApp.swift in Sources */,
				7A8FC9CE2603C0320051F56E /* GameService.swift in Sources */,
				7A8FC9C72603BFF00051F56E /* Constants.swift in Sources */,
				7A8FC9D42603C05E0051F56E /* GameRow.swift in Sources */,
			);
			runOnlyForDeploymentPostprocessing = 0;
		};
		7A8FC9D62603C5B60051F56E /* Sources */ = {
			isa = PBXSourcesBuildPhase;
			buildActionMask = 2147483647;
			files = (
				7A8FC9DD2603C5B70051F56E /* GMAPP_Unit_Tests.swift in Sources */,
				7A8FC9E72603C6090051F56E /* UtilitiesTests .swift in Sources */,
			);
			runOnlyForDeploymentPostprocessing = 0;
		};
/* End PBXSourcesBuildPhase section */

/* Begin PBXTargetDependency section */
		7A8FC9E02603C5B70051F56E /* PBXTargetDependency */ = {
			isa = PBXTargetDependency;
			target = 7A8FC9AD2603BFB10051F56E /* GMAPP */;
			targetProxy = 7A8FC9DF2603C5B70051F56E /* PBXContainerItemProxy */;
		};
/* End PBXTargetDependency section */

/* Begin XCBuildConfiguration section */
		7A8FC9BB2603BFB20051F56E /* Debug */ = {
			isa = XCBuildConfiguration;
			buildSettings = {
				ALWAYS_SEARCH_USER_PATHS = NO;
				CLANG_ANALYZER_NONNULL = YES;
				CLANG_ANALYZER_NUMBER_OBJECT_CONVERSION = YES_AGGRESSIVE;
				CLANG_CXX_LANGUAGE_STANDARD = "gnu++14";
				CLANG_CXX_LIBRARY = "libc++";
				CLANG_ENABLE_MODULES = YES;
				CLANG_ENABLE_OBJC_ARC = YES;
				CLANG_ENABLE_OBJC_WEAK = YES;
				CLANG_WARN_BLOCK_CAPTURE_AUTORELEASING = YES;
				CLANG_WARN_BOOL_CONVERSION = YES;
				CLANG_WARN_COMMA = YES;
				CLANG_WARN_CONSTANT_CONVERSION = YES;
				CLANG_WARN_DEPRECATED_OBJC_IMPLEMENTATIONS = YES;
				CLANG_WARN_DIRECT_OBJC_ISA_USAGE = YES_ERROR;
				CLANG_WARN_DOCUMENTATION_COMMENTS = YES;
				CLANG_WARN_EMPTY_BODY = YES;
				CLANG_WARN_ENUM_CONVERSION = YES;
				CLANG_WARN_INFINITE_RECURSION = YES;
				CLANG_WARN_INT_CONVERSION = YES;
				CLANG_WARN_NON_LITERAL_NULL_CONVERSION = YES;
				CLANG_WARN_OBJC_IMPLICIT_RETAIN_SELF = YES;
				CLANG_WARN_OBJC_LITERAL_CONVERSION = YES;
				CLANG_WARN_OBJC_ROOT_CLASS = YES_ERROR;
				CLANG_WARN_QUOTED_INCLUDE_IN_FRAMEWORK_HEADER = YES;
				CLANG_WARN_RANGE_LOOP_ANALYSIS = YES;
				CLANG_WARN_STRICT_PROTOTYPES = YES;
				CLANG_WARN_SUSPICIOUS_MOVE = YES;
				CLANG_WARN_UNGUARDED_AVAILABILITY = YES_AGGRESSIVE;
				CLANG_WARN_UNREACHABLE_CODE = YES;
				CLANG_WARN__DUPLICATE_METHOD_MATCH = YES;
				COPY_PHASE_STRIP = NO;
				DEBUG_INFORMATION_FORMAT = dwarf;
				ENABLE_STRICT_OBJC_MSGSEND = YES;
				ENABLE_TESTABILITY = YES;
				GCC_C_LANGUAGE_STANDARD = gnu11;
				GCC_DYNAMIC_NO_PIC = NO;
				GCC_NO_COMMON_BLOCKS = YES;
				GCC_OPTIMIZATION_LEVEL = 0;
				GCC_PREPROCESSOR_DEFINITIONS = (
					"DEBUG=1",
					"$(inherited)",
				);
				GCC_WARN_64_TO_32_BIT_CONVERSION = YES;
				GCC_WARN_ABOUT_RETURN_TYPE = YES_ERROR;
				GCC_WARN_UNDECLARED_SELECTOR = YES;
				GCC_WARN_UNINITIALIZED_AUTOS = YES_AGGRESSIVE;
				GCC_WARN_UNUSED_FUNCTION = YES;
				GCC_WARN_UNUSED_VARIABLE = YES;
				IPHONEOS_DEPLOYMENT_TARGET = 14.4;
				MTL_ENABLE_DEBUG_INFO = INCLUDE_SOURCE;
				MTL_FAST_MATH = YES;
				ONLY_ACTIVE_ARCH = YES;
				SDKROOT = iphoneos;
				SWIFT_ACTIVE_COMPILATION_CONDITIONS = DEBUG;
				SWIFT_OPTIMIZATION_LEVEL = "-Onone";
			};
			name = Debug;
		};
		7A8FC9BC2603BFB20051F56E /* Release */ = {
			isa = XCBuildConfiguration;
			buildSettings = {
				ALWAYS_SEARCH_USER_PATHS = NO;
				CLANG_ANALYZER_NONNULL = YES;
				CLANG_ANALYZER_NUMBER_OBJECT_CONVERSION = YES_AGGRESSIVE;
				CLANG_CXX_LANGUAGE_STANDARD = "gnu++14";
				CLANG_CXX_LIBRARY = "libc++";
				CLANG_ENABLE_MODULES = YES;
				CLANG_ENABLE_OBJC_ARC = YES;
				CLANG_ENABLE_OBJC_WEAK = YES;
				CLANG_WARN_BLOCK_CAPTURE_AUTORELEASING = YES;
				CLANG_WARN_BOOL_CONVERSION = YES;
				CLANG_WARN_COMMA = YES;
				CLANG_WARN_CONSTANT_CONVERSION = YES;
				CLANG_WARN_DEPRECATED_OBJC_IMPLEMENTATIONS = YES;
				CLANG_WARN_DIRECT_OBJC_ISA_USAGE = YES_ERROR;
				CLANG_WARN_DOCUMENTATION_COMMENTS = YES;
				CLANG_WARN_EMPTY_BODY = YES;
				CLANG_WARN_ENUM_CONVERSION = YES;
				CLANG_WARN_INFINITE_RECURSION = YES;
				CLANG_WARN_INT_CONVERSION = YES;
				CLANG_WARN_NON_LITERAL_NULL_CONVERSION = YES;
				CLANG_WARN_OBJC_IMPLICIT_RETAIN_SELF = YES;
				CLANG_WARN_OBJC_LITERAL_CONVERSION = YES;
				CLANG_WARN_OBJC_ROOT_CLASS = YES_ERROR;
				CLANG_WARN_QUOTED_INCLUDE_IN_FRAMEWORK_HEADER = YES;
				CLANG_WARN_RANGE_LOOP_ANALYSIS = YES;
				CLANG_WARN_STRICT_PROTOTYPES = YES;
				CLANG_WARN_SUSPICIOUS_MOVE = YES;
				CLANG_WARN_UNGUARDED_AVAILABILITY = YES_AGGRESSIVE;
				CLANG_WARN_UNREACHABLE_CODE = YES;
				CLANG_WARN__DUPLICATE_METHOD_MATCH = YES;
				COPY_PHASE_STRIP = NO;
				DEBUG_INFORMATION_FORMAT = "dwarf-with-dsym";
				ENABLE_NS_ASSERTIONS = NO;
				ENABLE_STRICT_OBJC_MSGSEND = YES;
				GCC_C_LANGUAGE_STANDARD = gnu11;
				GCC_NO_COMMON_BLOCKS = YES;
				GCC_WARN_64_TO_32_BIT_CONVERSION = YES;
				GCC_WARN_ABOUT_RETURN_TYPE = YES_ERROR;
				GCC_WARN_UNDECLARED_SELECTOR = YES;
				GCC_WARN_UNINITIALIZED_AUTOS = YES_AGGRESSIVE;
				GCC_WARN_UNUSED_FUNCTION = YES;
				GCC_WARN_UNUSED_VARIABLE = YES;
				IPHONEOS_DEPLOYMENT_TARGET = 14.4;
				MTL_ENABLE_DEBUG_INFO = NO;
				MTL_FAST_MATH = YES;
				SDKROOT = iphoneos;
				SWIFT_COMPILATION_MODE = wholemodule;
				SWIFT_OPTIMIZATION_LEVEL = "-O";
				VALIDATE_PRODUCT = YES;
			};
			name = Release;
		};
		7A8FC9BE2603BFB20051F56E /* Debug */ = {
			isa = XCBuildConfiguration;
			buildSettings = {
				ASSETCATALOG_COMPILER_APPICON_NAME = AppIcon;
				ASSETCATALOG_COMPILER_GLOBAL_ACCENT_COLOR_NAME = AccentColor;
				CODE_SIGN_STYLE = Automatic;
				DEVELOPMENT_ASSET_PATHS = "\"GMAPP/Preview Content\"";
				DEVELOPMENT_TEAM = 7KN966P9LP;
				ENABLE_PREVIEWS = YES;
				INFOPLIST_FILE = GMAPP/Info.plist;
				IPHONEOS_DEPLOYMENT_TARGET = 14.0;
				LD_RUNPATH_SEARCH_PATHS = (
					"$(inherited)",
					"@executable_path/Frameworks",
				);
				PRODUCT_BUNDLE_IDENTIFIER = lswarss.GMAPP;
				PRODUCT_NAME = "$(TARGET_NAME)";
				SWIFT_VERSION = 5.0;
				TARGETED_DEVICE_FAMILY = "1,2";
			};
			name = Debug;
		};
		7A8FC9BF2603BFB20051F56E /* Release */ = {
			isa = XCBuildConfiguration;
			buildSettings = {
				ASSETCATALOG_COMPILER_APPICON_NAME = AppIcon;
				ASSETCATALOG_COMPILER_GLOBAL_ACCENT_COLOR_NAME = AccentColor;
				CODE_SIGN_STYLE = Automatic;
				DEVELOPMENT_ASSET_PATHS = "\"GMAPP/Preview Content\"";
				DEVELOPMENT_TEAM = 7KN966P9LP;
				ENABLE_PREVIEWS = YES;
				INFOPLIST_FILE = GMAPP/Info.plist;
				IPHONEOS_DEPLOYMENT_TARGET = 14.0;
				LD_RUNPATH_SEARCH_PATHS = (
					"$(inherited)",
					"@executable_path/Frameworks",
				);
				PRODUCT_BUNDLE_IDENTIFIER = lswarss.GMAPP;
				PRODUCT_NAME = "$(TARGET_NAME)";
				SWIFT_VERSION = 5.0;
				TARGETED_DEVICE_FAMILY = "1,2";
			};
			name = Release;
		};
		7A8FC9E22603C5B70051F56E /* Debug */ = {
			isa = XCBuildConfiguration;
			buildSettings = {
				BUNDLE_LOADER = "$(TEST_HOST)";
				CODE_SIGN_STYLE = Automatic;
				DEVELOPMENT_TEAM = 7KN966P9LP;
				INFOPLIST_FILE = "GMAPP-Unit-Tests/Info.plist";
				LD_RUNPATH_SEARCH_PATHS = (
					"$(inherited)",
					"@executable_path/Frameworks",
					"@loader_path/Frameworks",
				);
				PRODUCT_BUNDLE_IDENTIFIER = "lswarss.GMAPP-Unit-Tests";
				PRODUCT_NAME = "$(TARGET_NAME)";
				SWIFT_VERSION = 5.0;
				TARGETED_DEVICE_FAMILY = "1,2";
				TEST_HOST = "$(BUILT_PRODUCTS_DIR)/GMAPP.app/GMAPP";
			};
			name = Debug;
		};
		7A8FC9E32603C5B70051F56E /* Release */ = {
			isa = XCBuildConfiguration;
			buildSettings = {
				BUNDLE_LOADER = "$(TEST_HOST)";
				CODE_SIGN_STYLE = Automatic;
				DEVELOPMENT_TEAM = 7KN966P9LP;
				INFOPLIST_FILE = "GMAPP-Unit-Tests/Info.plist";
				LD_RUNPATH_SEARCH_PATHS = (
					"$(inherited)",
					"@executable_path/Frameworks",
					"@loader_path/Frameworks",
				);
				PRODUCT_BUNDLE_IDENTIFIER = "lswarss.GMAPP-Unit-Tests";
				PRODUCT_NAME = "$(TARGET_NAME)";
				SWIFT_VERSION = 5.0;
				TARGETED_DEVICE_FAMILY = "1,2";
				TEST_HOST = "$(BUILT_PRODUCTS_DIR)/GMAPP.app/GMAPP";
			};
			name = Release;
		};
/* End XCBuildConfiguration section */

/* Begin XCConfigurationList section */
		7A8FC9A92603BFB10051F56E /* Build configuration list for PBXProject "GMAPP" */ = {
			isa = XCConfigurationList;
			buildConfigurations = (
				7A8FC9BB2603BFB20051F56E /* Debug */,
				7A8FC9BC2603BFB20051F56E /* Release */,
			);
			defaultConfigurationIsVisible = 0;
			defaultConfigurationName = Release;
		};
		7A8FC9BD2603BFB20051F56E /* Build configuration list for PBXNativeTarget "GMAPP" */ = {
			isa = XCConfigurationList;
			buildConfigurations = (
				7A8FC9BE2603BFB20051F56E /* Debug */,
				7A8FC9BF2603BFB20051F56E /* Release */,
			);
			defaultConfigurationIsVisible = 0;
			defaultConfigurationName = Release;
		};
		7A8FC9E12603C5B70051F56E /* Build configuration list for PBXNativeTarget "GMAPP-Unit-Tests" */ = {
			isa = XCConfigurationList;
			buildConfigurations = (
				7A8FC9E22603C5B70051F56E /* Debug */,
				7A8FC9E32603C5B70051F56E /* Release */,
			);
			defaultConfigurationIsVisible = 0;
			defaultConfigurationName = Release;
		};
/* End XCConfigurationList section */
	};
	rootObject = 7A8FC9A62603BFB10051F56E /* Project object */;
}
